{
  "name": "omp-enhancer-monorepo",
  "lockfileVersion": 3,
  "requires": true,
  "packages": {
    "": {
      "name": "omp-enhancer-monorepo",
      "workspaces": [
        "plugins/omp-config",
        "plugins/writing-helper",
        "plugins/omp-fact-checker",
        "plugins/volcengine-coding-plan"
      ]
    },
    "node_modules/omp-config": {
      "resolved": "plugins/omp-config",
      "link": true
    },
    "node_modules/omp-fact-checker": {
      "resolved": "plugins/omp-fact-checker",
      "link": true
    },
    "node_modules/volcengine-coding-plan": {
      "resolved": "plugins/volcengine-coding-plan",
      "link": true
    },
    "node_modules/writing-helper": {
      "resolved": "plugins/writing-helper",
      "link": true
    },
    "plugins/omp-config": {
      "version": "0.1.71",
      "license": "UNLICENSED"
    },
    "plugins/omp-fact-checker": {
      "version": "0.1.16",
      "license": "UNLICENSED"
    },
    "plugins/volcengine-coding-plan": {
      "version": "0.1.2",
      "license": "UNLICENSED"
    },
    "plugins/writing-helper": {
      "version": "0.2.23",
      "license": "UNLICENSED"
    }
  }
}
